// !$*UTF8*$!
{
	archiveVersion = 1;
	classes = {
	};
	objectVersion = 52;
	objects = {

/* Begin PBXBuildFile section */
		0D77D77324BE457900D07B8D /* Extensions.swift in Sources */ = {isa = PBXBuildFile; fileRef = 0D77D77224BE457900D07B8D /* Extensions.swift */; };
		0D7A925D24BC2C8700C61DC5 /* EditAssetView.swift in Sources */ = {isa = PBXBuildFile; fileRef = 0D7A925C24BC2C8700C61DC5 /* EditAssetView.swift */; };
		0DB2AF1024B54E5C00092945 /* FyreApp.swift in Sources */ = {isa = PBXBuildFile; fileRef = 0DB2AF0F24B54E5C00092945 /* FyreApp.swift */; };
		0DB2AF1424B54E5D00092945 /* Assets.xcassets in Resources */ = {isa = PBXBuildFile; fileRef = 0DB2AF1324B54E5D00092945 /* Assets.xcassets */; };
		0DB2AF1724B54E5D00092945 /* Preview Assets.xcassets in Resources */ = {isa = PBXBuildFile; fileRef = 0DB2AF1624B54E5D00092945 /* Preview Assets.xcassets */; };
		0DB2AF2024B54E9200092945 /* Asset.swift in Sources */ = {isa = PBXBuildFile; fileRef = 0DB2AF1F24B54E9200092945 /* Asset.swift */; };
		0DB2AF2224B54EBB00092945 /* Account.swift in Sources */ = {isa = PBXBuildFile; fileRef = 0DB2AF2124B54EBB00092945 /* Account.swift */; };
		0DDE1FCA24B5999A00AC6F1F /* AssetListView.swift in Sources */ = {isa = PBXBuildFile; fileRef = 0DDE1FC924B5999A00AC6F1F /* AssetListView.swift */; };
		0DDE1FCD24B63B4900AC6F1F /* UserData.swift in Sources */ = {isa = PBXBuildFile; fileRef = 0DDE1FCC24B63B4900AC6F1F /* UserData.swift */; };
/* End PBXBuildFile section */

/* Begin PBXFileReference section */
		0D77D77224BE457900D07B8D /* Extensions.swift */ = {isa = PBXFileReference; lastKnownFileType = sourcecode.swift; path = Extensions.swift; sourceTree = "<group>"; };
		0D7A925C24BC2C8700C61DC5 /* EditAssetView.swift */ = {isa = PBXFileReference; lastKnownFileType = sourcecode.swift; path = EditAssetView.swift; sourceTree = "<group>"; };
		0DB2AF0C24B54E5C00092945 /* Fyre.app */ = {isa = PBXFileReference; explicitFileType = wrapper.application; includeInIndex = 0; path = Fyre.app; sourceTree = BUILT_PRODUCTS_DIR; };
		0DB2AF0F24B54E5C00092945 /* FyreApp.swift */ = {isa = PBXFileReference; lastKnownFileType = sourcecode.swift; path = FyreApp.swift; sourceTree = "<group>"; };
		0DB2AF1324B54E5D00092945 /* Assets.xcassets */ = {isa = PBXFileReference; lastKnownFileType = folder.assetcatalog; path = Assets.xcassets; sourceTree = "<group>"; };
		0DB2AF1624B54E5D00092945 /* Preview Assets.xcassets */ = {isa = PBXFileReference; lastKnownFileType = folder.assetcatalog; path = "Preview Assets.xcassets"; sourceTree = "<group>"; };
		0DB2AF1824B54E5D00092945 /* Info.plist */ = {isa = PBXFileReference; lastKnownFileType = text.plist.xml; path = Info.plist; sourceTree = "<group>"; };
		0DB2AF1924B54E5D00092945 /* Fyre.entitlements */ = {isa = PBXFileReference; lastKnownFileType = text.plist.entitlements; path = Fyre.entitlements; sourceTree = "<group>"; };
		0DB2AF1F24B54E9200092945 /* Asset.swift */ = {isa = PBXFileReference; lastKnownFileType = sourcecode.swift; path = Asset.swift; sourceTree = "<group>"; };
		0DB2AF2124B54EBB00092945 /* Account.swift */ = {isa = PBXFileReference; lastKnownFileType = sourcecode.swift; path = Account.swift; sourceTree = "<group>"; };
		0DDE1FC924B5999A00AC6F1F /* AssetListView.swift */ = {isa = PBXFileReference; lastKnownFileType = sourcecode.swift; path = AssetListView.swift; sourceTree = "<group>"; };
		0DDE1FCC24B63B4900AC6F1F /* UserData.swift */ = {isa = PBXFileReference; lastKnownFileType = sourcecode.swift; path = UserData.swift; sourceTree = "<group>"; };
/* End PBXFileReference section */

/* Begin PBXFrameworksBuildPhase section */
		0DB2AF0924B54E5C00092945 /* Frameworks */ = {
			isa = PBXFrameworksBuildPhase;
			buildActionMask = 2147483647;
			files = (
			);
			runOnlyForDeploymentPostprocessing = 0;
		};
/* End PBXFrameworksBuildPhase section */

/* Begin PBXGroup section */
		0DB2AF0324B54E5C00092945 = {
			isa = PBXGroup;
			children = (
				0DB2AF0E24B54E5C00092945 /* Fyre */,
				0DB2AF0D24B54E5C00092945 /* Products */,
			);
			sourceTree = "<group>";
		};
		0DB2AF0D24B54E5C00092945 /* Products */ = {
			isa = PBXGroup;
			children = (
				0DB2AF0C24B54E5C00092945 /* Fyre.app */,
			);
			name = Products;
			sourceTree = "<group>";
		};
		0DB2AF0E24B54E5C00092945 /* Fyre */ = {
			isa = PBXGroup;
			children = (
				0DB2AF2124B54EBB00092945 /* Account.swift */,
				0DB2AF1F24B54E9200092945 /* Asset.swift */,
				0DDE1FC924B5999A00AC6F1F /* AssetListView.swift */,
				0D7A925C24BC2C8700C61DC5 /* EditAssetView.swift */,
				0D77D77224BE457900D07B8D /* Extensions.swift */,
				0DB2AF0F24B54E5C00092945 /* FyreApp.swift */,
				0DDE1FCC24B63B4900AC6F1F /* UserData.swift */,
				0DB2AF1324B54E5D00092945 /* Assets.xcassets */,
				0DB2AF1824B54E5D00092945 /* Info.plist */,
				0DB2AF1924B54E5D00092945 /* Fyre.entitlements */,
				0DB2AF1524B54E5D00092945 /* Preview Content */,
			);
			path = Fyre;
			sourceTree = "<group>";
		};
		0DB2AF1524B54E5D00092945 /* Preview Content */ = {
			isa = PBXGroup;
			children = (
				0DB2AF1624B54E5D00092945 /* Preview Assets.xcassets */,
			);
			path = "Preview Content";
			sourceTree = "<group>";
		};
/* End PBXGroup section */

/* Begin PBXNativeTarget section */
		0DB2AF0B24B54E5C00092945 /* Fyre */ = {
			isa = PBXNativeTarget;
			buildConfigurationList = 0DB2AF1C24B54E5D00092945 /* Build configuration list for PBXNativeTarget "Fyre" */;
			buildPhases = (
				0DB2AF0824B54E5C00092945 /* Sources */,
				0DB2AF0924B54E5C00092945 /* Frameworks */,
				0DB2AF0A24B54E5C00092945 /* Resources */,
			);
			buildRules = (
			);
			dependencies = (
			);
			name = Fyre;
			productName = Fyre;
			productReference = 0DB2AF0C24B54E5C00092945 /* Fyre.app */;
			productType = "com.apple.product-type.application";
		};
/* End PBXNativeTarget section */

/* Begin PBXProject section */
		0DB2AF0424B54E5C00092945 /* Project object */ = {
			isa = PBXProject;
			attributes = {
				LastSwiftUpdateCheck = 1200;
				LastUpgradeCheck = 1200;
				TargetAttributes = {
					0DB2AF0B24B54E5C00092945 = {
						CreatedOnToolsVersion = 12.0;
					};
				};
			};
			buildConfigurationList = 0DB2AF0724B54E5C00092945 /* Build configuration list for PBXProject "Fyre" */;
			compatibilityVersion = "Xcode 11.0";
			developmentRegion = en;
			hasScannedForEncodings = 0;
			knownRegions = (
				en,
				Base,
			);
			mainGroup = 0DB2AF0324B54E5C00092945;
			productRefGroup = 0DB2AF0D24B54E5C00092945 /* Products */;
			projectDirPath = "";
			projectRoot = "";
			targets = (
				0DB2AF0B24B54E5C00092945 /* Fyre */,
			);
		};
/* End PBXProject section */

/* Begin PBXResourcesBuildPhase section */
		0DB2AF0A24B54E5C00092945 /* Resources */ = {
			isa = PBXResourcesBuildPhase;
			buildActionMask = 2147483647;
			files = (
				0DB2AF1724B54E5D00092945 /* Preview Assets.xcassets in Resources */,
				0DB2AF1424B54E5D00092945 /* Assets.xcassets in Resources */,
			);
			runOnlyForDeploymentPostprocessing = 0;
		};
/* End PBXResourcesBuildPhase section */

/* Begin PBXSourcesBuildPhase section */
		0DB2AF0824B54E5C00092945 /* Sources */ = {
			isa = PBXSourcesBuildPhase;
			buildActionMask = 2147483647;
			files = (
				0DB2AF2024B54E9200092945 /* Asset.swift in Sources */,
				0DDE1FCD24B63B4900AC6F1F /* UserData.swift in Sources */,
				0DB2AF2224B54EBB00092945 /* Account.swift in Sources */,
				0DB2AF1024B54E5C00092945 /* FyreApp.swift in Sources */,
				0D7A925D24BC2C8700C61DC5 /* EditAssetView.swift in Sources */,
				0DDE1FCA24B5999A00AC6F1F /* AssetListView.swift in Sources */,
				0D77D77324BE457900D07B8D /* Extensions.swift in Sources */,
			);
			runOnlyForDeploymentPostprocessing = 0;
		};
/* End PBXSourcesBuildPhase section */

/* Begin XCBuildConfiguration section */
		0DB2AF1A24B54E5D00092945 /* Debug */ = {
			isa = XCBuildConfiguration;
			buildSettings = {
				ALWAYS_SEARCH_USER_PATHS = NO;
				CLANG_ANALYZER_NONNULL = YES;
				CLANG_ANALYZER_NUMBER_OBJECT_CONVERSION = YES_AGGRESSIVE;
				CLANG_CXX_LANGUAGE_STANDARD = "gnu++14";
				CLANG_CXX_LIBRARY = "libc++";
				CLANG_ENABLE_MODULES = YES;
				CLANG_ENABLE_OBJC_ARC = YES;
				CLANG_ENABLE_OBJC_WEAK = YES;
				CLANG_WARN_BLOCK_CAPTURE_AUTORELEASING = YES;
				CLANG_WARN_BOOL_CONVERSION = YES;
				CLANG_WARN_COMMA = YES;
				CLANG_WARN_CONSTANT_CONVERSION = YES;
				CLANG_WARN_DEPRECATED_OBJC_IMPLEMENTATIONS = YES;
				CLANG_WARN_DIRECT_OBJC_ISA_USAGE = YES_ERROR;
				CLANG_WARN_DOCUMENTATION_COMMENTS = YES;
				CLANG_WARN_EMPTY_BODY = YES;
				CLANG_WARN_ENUM_CONVERSION = YES;
				CLANG_WARN_INFINITE_RECURSION = YES;
				CLANG_WARN_INT_CONVERSION = YES;
				CLANG_WARN_NON_LITERAL_NULL_CONVERSION = YES;
				CLANG_WARN_OBJC_IMPLICIT_RETAIN_SELF = YES;
				CLANG_WARN_OBJC_LITERAL_CONVERSION = YES;
				CLANG_WARN_OBJC_ROOT_CLASS = YES_ERROR;
				CLANG_WARN_QUOTED_INCLUDE_IN_FRAMEWORK_HEADER = YES;
				CLANG_WARN_RANGE_LOOP_ANALYSIS = YES;
				CLANG_WARN_STRICT_PROTOTYPES = YES;
				CLANG_WARN_SUSPICIOUS_MOVE = YES;
				CLANG_WARN_UNGUARDED_AVAILABILITY = YES_AGGRESSIVE;
				CLANG_WARN_UNREACHABLE_CODE = YES;
				CLANG_WARN__DUPLICATE_METHOD_MATCH = YES;
				COPY_PHASE_STRIP = NO;
				DEBUG_INFORMATION_FORMAT = dwarf;
				ENABLE_STRICT_OBJC_MSGSEND = YES;
				ENABLE_TESTABILITY = YES;
				GCC_C_LANGUAGE_STANDARD = gnu11;
				GCC_DYNAMIC_NO_PIC = NO;
				GCC_NO_COMMON_BLOCKS = YES;
				GCC_OPTIMIZATION_LEVEL = 0;
				GCC_PREPROCESSOR_DEFINITIONS = (
					"DEBUG=1",
					"$(inherited)",
				);
				GCC_WARN_64_TO_32_BIT_CONVERSION = YES;
				GCC_WARN_ABOUT_RETURN_TYPE = YES_ERROR;
				GCC_WARN_UNDECLARED_SELECTOR = YES;
				GCC_WARN_UNINITIALIZED_AUTOS = YES_AGGRESSIVE;
				GCC_WARN_UNUSED_FUNCTION = YES;
				GCC_WARN_UNUSED_VARIABLE = YES;
				MACOSX_DEPLOYMENT_TARGET = 10.15;
				MTL_ENABLE_DEBUG_INFO = INCLUDE_SOURCE;
				MTL_FAST_MATH = YES;
				ONLY_ACTIVE_ARCH = YES;
				SDKROOT = macosx;
				SWIFT_ACTIVE_COMPILATION_CONDITIONS = DEBUG;
				SWIFT_OPTIMIZATION_LEVEL = "-Onone";
			};
			name = Debug;
		};
		0DB2AF1B24B54E5D00092945 /* Release */ = {
			isa = XCBuildConfiguration;
			buildSettings = {
				ALWAYS_SEARCH_USER_PATHS = NO;
				CLANG_ANALYZER_NONNULL = YES;
				CLANG_ANALYZER_NUMBER_OBJECT_CONVERSION = YES_AGGRESSIVE;
				CLANG_CXX_LANGUAGE_STANDARD = "gnu++14";
				CLANG_CXX_LIBRARY = "libc++";
				CLANG_ENABLE_MODULES = YES;
				CLANG_ENABLE_OBJC_ARC = YES;
				CLANG_ENABLE_OBJC_WEAK = YES;
				CLANG_WARN_BLOCK_CAPTURE_AUTORELEASING = YES;
				CLANG_WARN_BOOL_CONVERSION = YES;
				CLANG_WARN_COMMA = YES;
				CLANG_WARN_CONSTANT_CONVERSION = YES;
				CLANG_WARN_DEPRECATED_OBJC_IMPLEMENTATIONS = YES;
				CLANG_WARN_DIRECT_OBJC_ISA_USAGE = YES_ERROR;
				CLANG_WARN_DOCUMENTATION_COMMENTS = YES;
				CLANG_WARN_EMPTY_BODY = YES;
				CLANG_WARN_ENUM_CONVERSION = YES;
				CLANG_WARN_INFINITE_RECURSION = YES;
				CLANG_WARN_INT_CONVERSION = YES;
				CLANG_WARN_NON_LITERAL_NULL_CONVERSION = YES;
				CLANG_WARN_OBJC_IMPLICIT_RETAIN_SELF = YES;
				CLANG_WARN_OBJC_LITERAL_CONVERSION = YES;
				CLANG_WARN_OBJC_ROOT_CLASS = YES_ERROR;
				CLANG_WARN_QUOTED_INCLUDE_IN_FRAMEWORK_HEADER = YES;
				CLANG_WARN_RANGE_LOOP_ANALYSIS = YES;
				CLANG_WARN_STRICT_PROTOTYPES = YES;
				CLANG_WARN_SUSPICIOUS_MOVE = YES;
				CLANG_WARN_UNGUARDED_AVAILABILITY = YES_AGGRESSIVE;
				CLANG_WARN_UNREACHABLE_CODE = YES;
				CLANG_WARN__DUPLICATE_METHOD_MATCH = YES;
				COPY_PHASE_STRIP = NO;
				DEBUG_INFORMATION_FORMAT = "dwarf-with-dsym";
				ENABLE_NS_ASSERTIONS = NO;
				ENABLE_STRICT_OBJC_MSGSEND = YES;
				GCC_C_LANGUAGE_STANDARD = gnu11;
				GCC_NO_COMMON_BLOCKS = YES;
				GCC_WARN_64_TO_32_BIT_CONVERSION = YES;
				GCC_WARN_ABOUT_RETURN_TYPE = YES_ERROR;
				GCC_WARN_UNDECLARED_SELECTOR = YES;
				GCC_WARN_UNINITIALIZED_AUTOS = YES_AGGRESSIVE;
				GCC_WARN_UNUSED_FUNCTION = YES;
				GCC_WARN_UNUSED_VARIABLE = YES;
				MACOSX_DEPLOYMENT_TARGET = 10.15;
				MTL_ENABLE_DEBUG_INFO = NO;
				MTL_FAST_MATH = YES;
				SDKROOT = macosx;
				SWIFT_COMPILATION_MODE = wholemodule;
				SWIFT_OPTIMIZATION_LEVEL = "-O";
			};
			name = Release;
		};
		0DB2AF1D24B54E5D00092945 /* Debug */ = {
			isa = XCBuildConfiguration;
			buildSettings = {
				ASSETCATALOG_COMPILER_APPICON_NAME = AppIcon;
				ASSETCATALOG_COMPILER_GLOBAL_ACCENT_COLOR_NAME = AccentColor;
				CODE_SIGN_ENTITLEMENTS = Fyre/Fyre.entitlements;
				CODE_SIGN_STYLE = Automatic;
				COMBINE_HIDPI_IMAGES = YES;
				DEVELOPMENT_ASSET_PATHS = "\"Fyre/Preview Content\"";
				DEVELOPMENT_TEAM = 7EDWU5YY65;
				ENABLE_HARDENED_RUNTIME = YES;
				ENABLE_PREVIEWS = YES;
				INFOPLIST_FILE = Fyre/Info.plist;
				LD_RUNPATH_SEARCH_PATHS = (
					"$(inherited)",
					"@executable_path/../Frameworks",
				);
				MACOSX_DEPLOYMENT_TARGET = 10.16;
				PRODUCT_BUNDLE_IDENTIFIER = com.imkreative.Fyre;
				PRODUCT_NAME = "$(TARGET_NAME)";
				SWIFT_VERSION = 5.0;
			};
			name = Debug;
		};
		0DB2AF1E24B54E5D00092945 /* Release */ = {
			isa = XCBuildConfiguration;
			buildSettings = {
				ASSETCATALOG_COMPILER_APPICON_NAME = AppIcon;
				ASSETCATALOG_COMPILER_GLOBAL_ACCENT_COLOR_NAME = AccentColor;
				CODE_SIGN_ENTITLEMENTS = Fyre/Fyre.entitlements;
				CODE_SIGN_STYLE = Automatic;
				COMBINE_HIDPI_IMAGES = YES;
				DEVELOPMENT_ASSET_PATHS = "\"Fyre/Preview Content\"";
				DEVELOPMENT_TEAM = 7EDWU5YY65;
				ENABLE_HARDENED_RUNTIME = YES;
				ENABLE_PREVIEWS = YES;
				INFOPLIST_FILE = Fyre/Info.plist;
				LD_RUNPATH_SEARCH_PATHS = (
					"$(inherited)",
					"@executable_path/../Frameworks",
				);
				MACOSX_DEPLOYMENT_TARGET = 10.16;
				PRODUCT_BUNDLE_IDENTIFIER = com.imkreative.Fyre;
				PRODUCT_NAME = "$(TARGET_NAME)";
				SWIFT_VERSION = 5.0;
			};
			name = Release;
		};
/* End XCBuildConfiguration section */

/* Begin XCConfigurationList section */
		0DB2AF0724B54E5C00092945 /* Build configuration list for PBXProject "Fyre" */ = {
			isa = XCConfigurationList;
			buildConfigurations = (
				0DB2AF1A24B54E5D00092945 /* Debug */,
				0DB2AF1B24B54E5D00092945 /* Release */,
			);
			defaultConfigurationIsVisible = 0;
			defaultConfigurationName = Release;
		};
		0DB2AF1C24B54E5D00092945 /* Build configuration list for PBXNativeTarget "Fyre" */ = {
			isa = XCConfigurationList;
			buildConfigurations = (
				0DB2AF1D24B54E5D00092945 /* Debug */,
				0DB2AF1E24B54E5D00092945 /* Release */,
			);
			defaultConfigurationIsVisible = 0;
			defaultConfigurationName = Release;
		};
/* End XCConfigurationList section */
	};
	rootObject = 0DB2AF0424B54E5C00092945 /* Project object */;
}
